
Microsoft Visual Studio Solution File, Format Version 12.00
# Visual Studio 15
VisualStudioVersion = 15.0.27004.2002
MinimumVisualStudioVersion = 10.0.40219.1
Project("{8BC9CEB8-8B4A-11D0-8D11-00A0C91BC942}") = "Stack", "Stack\Stack.vcxproj", "{D09223B9-1C10-41A1-929E-BBC26BDF9A13}"
EndProject
Project("{8BC9CEB8-8B4A-11D0-8D11-00A0C91BC942}") = "Queue", "Queue\Queue.vcxproj", "{C064806E-CE01-4573-BC25-9085EB481B4D}"
EndProject
Global
	GlobalSection(SolutionConfigurationPlatforms) = preSolution
		Debug|x64 = Debug|x64
		Debug|x86 = Debug|x86
		Release|x64 = Release|x64
		Release|x86 = Release|x86
	EndGlobalSection
	GlobalSection(ProjectConfigurationPlatforms) = postSolution
		{D09223B9-1C10-41A1-929E-BBC26BDF9A13}.Debug|x64.ActiveCfg = Debug|x64
		{D09223B9-1C10-41A1-929E-BBC26BDF9A13}.Debug|x64.Build.0 = Debug|x64
		{D09223B9-1C10-41A1-929E-BBC26BDF9A13}.Debug|x86.ActiveCfg = Debug|Win32
		{D09223B9-1C10-41A1-929E-BBC26BDF9A13}.Debug|x86.Build.0 = Debug|Win32
		{D09223B9-1C10-41A1-929E-BBC26BDF9A13}.Release|x64.ActiveCfg = Release|x64
		{D09223B9-1C10-41A1-929E-BBC26BDF9A13}.Release|x64.Build.0 = Release|x64
		{D09223B9-1C10-41A1-929E-BBC26BDF9A13}.Release|x86.ActiveCfg = Release|Win32
		{D09223B9-1C10-41A1-929E-BBC26BDF9A13}.Release|x86.Build.0 = Release|Win32
		{C064806E-CE01-4573-BC25-9085EB481B4D}.Debug|x64.ActiveCfg = Debug|x64
		{C064806E-CE01-4573-BC25-9085EB481B4D}.Debug|x64.Build.0 = Debug|x64
		{C064806E-CE01-4573-BC25-9085EB481B4D}.Debug|x86.ActiveCfg = Debug|Win32
		{C064806E-CE01-4573-BC25-9085EB481B4D}.Debug|x86.Build.0 = Debug|Win32
		{C064806E-CE01-4573-BC25-9085EB481B4D}.Release|x64.ActiveCfg = Release|x64
		{C064806E-CE01-4573-BC25-9085EB481B4D}.Release|x64.Build.0 = Release|x64
		{C064806E-CE01-4573-BC25-9085EB481B4D}.Release|x86.ActiveCfg = Release|Win32
		{C064806E-CE01-4573-BC25-9085EB481B4D}.Release|x86.Build.0 = Release|Win32
	EndGlobalSection
	GlobalSection(SolutionProperties) = preSolution
		HideSolutionNode = FALSE
	EndGlobalSection
	GlobalSection(ExtensibilityGlobals) = postSolution
		SolutionGuid = {9EC944A7-C120-4751-850B-280814CA67A9}
	EndGlobalSection
EndGlobal
